// !$*UTF8*$!
{
	archiveVersion = 1;
	classes = {
	};
	objectVersion = 50;
	objects = {

/* Begin PBXBuildFile section */
		485E4B7022AE27CF00626464 /* AppDelegate.swift in Sources */ = {isa = PBXBuildFile; fileRef = 485E4B6F22AE27CF00626464 /* AppDelegate.swift */; };
		485E4B7222AE27CF00626464 /* SceneDelegate.swift in Sources */ = {isa = PBXBuildFile; fileRef = 485E4B7122AE27CF00626464 /* SceneDelegate.swift */; };
		485E4B7422AE27CF00626464 /* ContentView.swift in Sources */ = {isa = PBXBuildFile; fileRef = 485E4B7322AE27CF00626464 /* ContentView.swift */; };
		485E4B7622AE27CF00626464 /* Assets.xcassets in Resources */ = {isa = PBXBuildFile; fileRef = 485E4B7522AE27CF00626464 /* Assets.xcassets */; };
		485E4B7922AE27CF00626464 /* Preview Assets.xcassets in Resources */ = {isa = PBXBuildFile; fileRef = 485E4B7822AE27CF00626464 /* Preview Assets.xcassets */; };
		485E4B7C22AE27CF00626464 /* LaunchScreen.storyboard in Resources */ = {isa = PBXBuildFile; fileRef = 485E4B7A22AE27CF00626464 /* LaunchScreen.storyboard */; };
/* End PBXBuildFile section */

/* Begin PBXFileReference section */
		485E4B6C22AE27CF00626464 /* Hackery.app */ = {isa = PBXFileReference; explicitFileType = wrapper.application; includeInIndex = 0; path = Hackery.app; sourceTree = BUILT_PRODUCTS_DIR; };
		485E4B6F22AE27CF00626464 /* AppDelegate.swift */ = {isa = PBXFileReference; lastKnownFileType = sourcecode.swift; path = AppDelegate.swift; sourceTree = "<group>"; };
		485E4B7122AE27CF00626464 /* SceneDelegate.swift */ = {isa = PBXFileReference; lastKnownFileType = sourcecode.swift; path = SceneDelegate.swift; sourceTree = "<group>"; };
		485E4B7322AE27CF00626464 /* ContentView.swift */ = {isa = PBXFileReference; lastKnownFileType = sourcecode.swift; path = ContentView.swift; sourceTree = "<group>"; };
		485E4B7522AE27CF00626464 /* Assets.xcassets */ = {isa = PBXFileReference; lastKnownFileType = folder.assetcatalog; path = Assets.xcassets; sourceTree = "<group>"; };
		485E4B7822AE27CF00626464 /* Preview Assets.xcassets */ = {isa = PBXFileReference; lastKnownFileType = folder.assetcatalog; path = "Preview Assets.xcassets"; sourceTree = "<group>"; };
		485E4B7B22AE27CF00626464 /* Base */ = {isa = PBXFileReference; lastKnownFileType = file.storyboard; name = Base; path = Base.lproj/LaunchScreen.storyboard; sourceTree = "<group>"; };
		485E4B7D22AE27CF00626464 /* Info.plist */ = {isa = PBXFileReference; lastKnownFileType = text.plist.xml; path = Info.plist; sourceTree = "<group>"; };
/* End PBXFileReference section */

/* Begin PBXFrameworksBuildPhase section */
		485E4B6922AE27CF00626464 /* Frameworks */ = {
			isa = PBXFrameworksBuildPhase;
			buildActionMask = 2147483647;
			files = (
			);
			runOnlyForDeploymentPostprocessing = 0;
		};
/* End PBXFrameworksBuildPhase section */

/* Begin PBXGroup section */
		485E4B6322AE27CF00626464 = {
			isa = PBXGroup;
			children = (
				485E4B6E22AE27CF00626464 /* Hackery */,
				485E4B6D22AE27CF00626464 /* Products */,
			);
			sourceTree = "<group>";
		};
		485E4B6D22AE27CF00626464 /* Products */ = {
			isa = PBXGroup;
			children = (
				485E4B6C22AE27CF00626464 /* Hackery.app */,
			);
			name = Products;
			sourceTree = "<group>";
		};
		485E4B6E22AE27CF00626464 /* Hackery */ = {
			isa = PBXGroup;
			children = (
				485E4B6F22AE27CF00626464 /* AppDelegate.swift */,
				485E4B7122AE27CF00626464 /* SceneDelegate.swift */,
				485E4B7322AE27CF00626464 /* ContentView.swift */,
				485E4B7522AE27CF00626464 /* Assets.xcassets */,
				485E4B7A22AE27CF00626464 /* LaunchScreen.storyboard */,
				485E4B7D22AE27CF00626464 /* Info.plist */,
				485E4B7722AE27CF00626464 /* Preview Content */,
			);
			path = Hackery;
			sourceTree = "<group>";
		};
		485E4B7722AE27CF00626464 /* Preview Content */ = {
			isa = PBXGroup;
			children = (
				485E4B7822AE27CF00626464 /* Preview Assets.xcassets */,
			);
			path = "Preview Content";
			sourceTree = "<group>";
		};
/* End PBXGroup section */

/* Begin PBXNativeTarget section */
		485E4B6B22AE27CF00626464 /* Hackery */ = {
			isa = PBXNativeTarget;
			buildConfigurationList = 485E4B8022AE27CF00626464 /* Build configuration list for PBXNativeTarget "Hackery" */;
			buildPhases = (
				485E4B6822AE27CF00626464 /* Sources */,
				485E4B6922AE27CF00626464 /* Frameworks */,
				485E4B6A22AE27CF00626464 /* Resources */,
			);
			buildRules = (
			);
			dependencies = (
			);
			name = Hackery;
			productName = Hackery;
			productReference = 485E4B6C22AE27CF00626464 /* Hackery.app */;
			productType = "com.apple.product-type.application";
		};
/* End PBXNativeTarget section */

/* Begin PBXProject section */
		485E4B6422AE27CF00626464 /* Project object */ = {
			isa = PBXProject;
			attributes = {
				LastSwiftUpdateCheck = 1100;
				LastUpgradeCheck = 1100;
				ORGANIZATIONNAME = "Tim Shim";
				TargetAttributes = {
					485E4B6B22AE27CF00626464 = {
						CreatedOnToolsVersion = 11.0;
					};
				};
			};
			buildConfigurationList = 485E4B6722AE27CF00626464 /* Build configuration list for PBXProject "Hackery" */;
			compatibilityVersion = "Xcode 9.3";
			developmentRegion = en;
			hasScannedForEncodings = 0;
			knownRegions = (
				en,
				Base,
			);
			mainGroup = 485E4B6322AE27CF00626464;
			productRefGroup = 485E4B6D22AE27CF00626464 /* Products */;
			projectDirPath = "";
			projectRoot = "";
			targets = (
				485E4B6B22AE27CF00626464 /* Hackery */,
			);
		};
/* End PBXProject section */

/* Begin PBXResourcesBuildPhase section */
		485E4B6A22AE27CF00626464 /* Resources */ = {
			isa = PBXResourcesBuildPhase;
			buildActionMask = 2147483647;
			files = (
				485E4B7C22AE27CF00626464 /* LaunchScreen.storyboard in Resources */,
				485E4B7922AE27CF00626464 /* Preview Assets.xcassets in Resources */,
				485E4B7622AE27CF00626464 /* Assets.xcassets in Resources */,
			);
			runOnlyForDeploymentPostprocessing = 0;
		};
/* End PBXResourcesBuildPhase section */

/* Begin PBXSourcesBuildPhase section */
		485E4B6822AE27CF00626464 /* Sources */ = {
			isa = PBXSourcesBuildPhase;
			buildActionMask = 2147483647;
			files = (
				485E4B7022AE27CF00626464 /* AppDelegate.swift in Sources */,
				485E4B7222AE27CF00626464 /* SceneDelegate.swift in Sources */,
				485E4B7422AE27CF00626464 /* ContentView.swift in Sources */,
			);
			runOnlyForDeploymentPostprocessing = 0;
		};
/* End PBXSourcesBuildPhase section */

/* Begin PBXVariantGroup section */
		485E4B7A22AE27CF00626464 /* LaunchScreen.storyboard */ = {
			isa = PBXVariantGroup;
			children = (
				485E4B7B22AE27CF00626464 /* Base */,
			);
			name = LaunchScreen.storyboard;
			sourceTree = "<group>";
		};
/* End PBXVariantGroup section */

/* Begin XCBuildConfiguration section */
		485E4B7E22AE27CF00626464 /* Debug */ = {
			isa = XCBuildConfiguration;
			buildSettings = {
				ALWAYS_SEARCH_USER_PATHS = NO;
				CLANG_ANALYZER_NONNULL = YES;
				CLANG_ANALYZER_NUMBER_OBJECT_CONVERSION = YES_AGGRESSIVE;
				CLANG_CXX_LANGUAGE_STANDARD = "gnu++14";
				CLANG_CXX_LIBRARY = "libc++";
				CLANG_ENABLE_MODULES = YES;
				CLANG_ENABLE_OBJC_ARC = YES;
				CLANG_ENABLE_OBJC_WEAK = YES;
				CLANG_WARN_BLOCK_CAPTURE_AUTORELEASING = YES;
				CLANG_WARN_BOOL_CONVERSION = YES;
				CLANG_WARN_COMMA = YES;
				CLANG_WARN_CONSTANT_CONVERSION = YES;
				CLANG_WARN_DEPRECATED_OBJC_IMPLEMENTATIONS = YES;
				CLANG_WARN_DIRECT_OBJC_ISA_USAGE = YES_ERROR;
				CLANG_WARN_DOCUMENTATION_COMMENTS = YES;
				CLANG_WARN_EMPTY_BODY = YES;
				CLANG_WARN_ENUM_CONVERSION = YES;
				CLANG_WARN_INFINITE_RECURSION = YES;
				CLANG_WARN_INT_CONVERSION = YES;
				CLANG_WARN_NON_LITERAL_NULL_CONVERSION = YES;
				CLANG_WARN_OBJC_IMPLICIT_RETAIN_SELF = YES;
				CLANG_WARN_OBJC_LITERAL_CONVERSION = YES;
				CLANG_WARN_OBJC_ROOT_CLASS = YES_ERROR;
				CLANG_WARN_RANGE_LOOP_ANALYSIS = YES;
				CLANG_WARN_STRICT_PROTOTYPES = YES;
				CLANG_WARN_SUSPICIOUS_MOVE = YES;
				CLANG_WARN_UNGUARDED_AVAILABILITY = YES_AGGRESSIVE;
				CLANG_WARN_UNREACHABLE_CODE = YES;
				CLANG_WARN__DUPLICATE_METHOD_MATCH = YES;
				COPY_PHASE_STRIP = NO;
				DEBUG_INFORMATION_FORMAT = dwarf;
				ENABLE_STRICT_OBJC_MSGSEND = YES;
				ENABLE_TESTABILITY = YES;
				GCC_C_LANGUAGE_STANDARD = gnu11;
				GCC_DYNAMIC_NO_PIC = NO;
				GCC_NO_COMMON_BLOCKS = YES;
				GCC_OPTIMIZATION_LEVEL = 0;
				GCC_PREPROCESSOR_DEFINITIONS = (
					"DEBUG=1",
					"$(inherited)",
				);
				GCC_WARN_64_TO_32_BIT_CONVERSION = YES;
				GCC_WARN_ABOUT_RETURN_TYPE = YES_ERROR;
				GCC_WARN_UNDECLARED_SELECTOR = YES;
				GCC_WARN_UNINITIALIZED_AUTOS = YES_AGGRESSIVE;
				GCC_WARN_UNUSED_FUNCTION = YES;
				GCC_WARN_UNUSED_VARIABLE = YES;
				IPHONEOS_DEPLOYMENT_TARGET = 13.0;
				MTL_ENABLE_DEBUG_INFO = INCLUDE_SOURCE;
				MTL_FAST_MATH = YES;
				ONLY_ACTIVE_ARCH = YES;
				SDKROOT = iphoneos;
				SWIFT_ACTIVE_COMPILATION_CONDITIONS = DEBUG;
				SWIFT_OPTIMIZATION_LEVEL = "-Onone";
			};
			name = Debug;
		};
		485E4B7F22AE27CF00626464 /* Release */ = {
			isa = XCBuildConfiguration;
			buildSettings = {
				ALWAYS_SEARCH_USER_PATHS = NO;
				CLANG_ANALYZER_NONNULL = YES;
				CLANG_ANALYZER_NUMBER_OBJECT_CONVERSION = YES_AGGRESSIVE;
				CLANG_CXX_LANGUAGE_STANDARD = "gnu++14";
				CLANG_CXX_LIBRARY = "libc++";
				CLANG_ENABLE_MODULES = YES;
				CLANG_ENABLE_OBJC_ARC = YES;
				CLANG_ENABLE_OBJC_WEAK = YES;
				CLANG_WARN_BLOCK_CAPTURE_AUTORELEASING = YES;
				CLANG_WARN_BOOL_CONVERSION = YES;
				CLANG_WARN_COMMA = YES;
				CLANG_WARN_CONSTANT_CONVERSION = YES;
				CLANG_WARN_DEPRECATED_OBJC_IMPLEMENTATIONS = YES;
				CLANG_WARN_DIRECT_OBJC_ISA_USAGE = YES_ERROR;
				CLANG_WARN_DOCUMENTATION_COMMENTS = YES;
				CLANG_WARN_EMPTY_BODY = YES;
				CLANG_WARN_ENUM_CONVERSION = YES;
				CLANG_WARN_INFINITE_RECURSION = YES;
				CLANG_WARN_INT_CONVERSION = YES;
				CLANG_WARN_NON_LITERAL_NULL_CONVERSION = YES;
				CLANG_WARN_OBJC_IMPLICIT_RETAIN_SELF = YES;
				CLANG_WARN_OBJC_LITERAL_CONVERSION = YES;
				CLANG_WARN_OBJC_ROOT_CLASS = YES_ERROR;
				CLANG_WARN_RANGE_LOOP_ANALYSIS = YES;
				CLANG_WARN_STRICT_PROTOTYPES = YES;
				CLANG_WARN_SUSPICIOUS_MOVE = YES;
				CLANG_WARN_UNGUARDED_AVAILABILITY = YES_AGGRESSIVE;
				CLANG_WARN_UNREACHABLE_CODE = YES;
				CLANG_WARN__DUPLICATE_METHOD_MATCH = YES;
				COPY_PHASE_STRIP = NO;
				DEBUG_INFORMATION_FORMAT = "dwarf-with-dsym";
				ENABLE_NS_ASSERTIONS = NO;
				ENABLE_STRICT_OBJC_MSGSEND = YES;
				GCC_C_LANGUAGE_STANDARD = gnu11;
				GCC_NO_COMMON_BLOCKS = YES;
				GCC_WARN_64_TO_32_BIT_CONVERSION = YES;
				GCC_WARN_ABOUT_RETURN_TYPE = YES_ERROR;
				GCC_WARN_UNDECLARED_SELECTOR = YES;
				GCC_WARN_UNINITIALIZED_AUTOS = YES_AGGRESSIVE;
				GCC_WARN_UNUSED_FUNCTION = YES;
				GCC_WARN_UNUSED_VARIABLE = YES;
				IPHONEOS_DEPLOYMENT_TARGET = 13.0;
				MTL_ENABLE_DEBUG_INFO = NO;
				MTL_FAST_MATH = YES;
				SDKROOT = iphoneos;
				SWIFT_COMPILATION_MODE = wholemodule;
				SWIFT_OPTIMIZATION_LEVEL = "-O";
				VALIDATE_PRODUCT = YES;
			};
			name = Release;
		};
		485E4B8122AE27CF00626464 /* Debug */ = {
			isa = XCBuildConfiguration;
			buildSettings = {
				ASSETCATALOG_COMPILER_APPICON_NAME = AppIcon;
				CODE_SIGN_STYLE = Automatic;
				DEVELOPMENT_ASSET_PATHS = "Hackery/Preview\\ Content";
				DEVELOPMENT_TEAM = QKNVPTRYEV;
				ENABLE_PREVIEWS = YES;
				INFOPLIST_FILE = Hackery/Info.plist;
				LD_RUNPATH_SEARCH_PATHS = (
					"$(inherited)",
					"@executable_path/Frameworks",
				);
				PRODUCT_BUNDLE_IDENTIFIER = com.timshim.Hackery;
				PRODUCT_NAME = "$(TARGET_NAME)";
				SWIFT_VERSION = 5.0;
				TARGETED_DEVICE_FAMILY = "1,2";
			};
			name = Debug;
		};
		485E4B8222AE27CF00626464 /* Release */ = {
			isa = XCBuildConfiguration;
			buildSettings = {
				ASSETCATALOG_COMPILER_APPICON_NAME = AppIcon;
				CODE_SIGN_STYLE = Automatic;
				DEVELOPMENT_ASSET_PATHS = "Hackery/Preview\\ Content";
				DEVELOPMENT_TEAM = QKNVPTRYEV;
				ENABLE_PREVIEWS = YES;
				INFOPLIST_FILE = Hackery/Info.plist;
				LD_RUNPATH_SEARCH_PATHS = (
					"$(inherited)",
					"@executable_path/Frameworks",
				);
				PRODUCT_BUNDLE_IDENTIFIER = com.timshim.Hackery;
				PRODUCT_NAME = "$(TARGET_NAME)";
				SWIFT_VERSION = 5.0;
				TARGETED_DEVICE_FAMILY = "1,2";
			};
			name = Release;
		};
/* End XCBuildConfiguration section */

/* Begin XCConfigurationList section */
		485E4B6722AE27CF00626464 /* Build configuration list for PBXProject "Hackery" */ = {
			isa = XCConfigurationList;
			buildConfigurations = (
				485E4B7E22AE27CF00626464 /* Debug */,
				485E4B7F22AE27CF00626464 /* Release */,
			);
			defaultConfigurationIsVisible = 0;
			defaultConfigurationName = Release;
		};
		485E4B8022AE27CF00626464 /* Build configuration list for PBXNativeTarget "Hackery" */ = {
			isa = XCConfigurationList;
			buildConfigurations = (
				485E4B8122AE27CF00626464 /* Debug */,
				485E4B8222AE27CF00626464 /* Release */,
			);
			defaultConfigurationIsVisible = 0;
			defaultConfigurationName = Release;
		};
/* End XCConfigurationList section */
	};
	rootObject = 485E4B6422AE27CF00626464 /* Project object */;
}
